PODS:
  - NtgeCore (0.1.0)
  - NtgeCore/Tests (0.1.0)

DEPENDENCIES:
  - NtgeCore (from `/Users/MainasuK/Developer/Rust/ntge`)
  - NtgeCore/Tests (from `/Users/MainasuK/Developer/Rust/ntge`)

EXTERNAL SOURCES:
  NtgeCore:
    :path: "/Users/MainasuK/Developer/Rust/ntge"

SPEC CHECKSUMS:
  NtgeCore: e0437e1167105ded1b91f4a4f5975f36a8c6a9b2

PODFILE CHECKSUM: f57f6c249b78070960f09bf4a764afe5184cc564

COCOAPODS: 1.9.1
