PODS:
  - NtgeCore (0.1.0)
  - NtgeCore/Tests (0.1.0)

DEPENDENCIES:
  - NtgeCore (from `../ntge`)
  - NtgeCore/Tests (from `../ntge`)

EXTERNAL SOURCES:
  NtgeCore:
    :path: "../ntge"

SPEC CHECKSUMS:
  NtgeCore: e0437e1167105ded1b91f4a4f5975f36a8c6a9b2

PODFILE CHECKSUM: cb6ecf7b73da04aaac06976d589fde407d78407e

COCOAPODS: 1.9.1
